
Microsoft Visual Studio Solution File, Format Version 12.00
# Visual Studio Version 16
VisualStudioVersion = 16.0.32602.291
MinimumVisualStudioVersion = 10.0.40219.1
Project("{FAE04EC0-301F-11D3-BF4B-00C04F79EFBC}") = "SalesWebMvc", "SalesWebMvc\SalesWebMvc.csproj", "{CF7942A2-78C7-470A-9CCF-19B2945B4F19}"
EndProject
Global
	GlobalSection(SolutionConfigurationPlatforms) = preSolution
		Debug|Any CPU = Debug|Any CPU
		Release|Any CPU = Release|Any CPU
	EndGlobalSection
	GlobalSection(ProjectConfigurationPlatforms) = postSolution
		{CF7942A2-78C7-470A-9CCF-19B2945B4F19}.Debug|Any CPU.ActiveCfg = Debug|Any CPU
		{CF7942A2-78C7-470A-9CCF-19B2945B4F19}.Debug|Any CPU.Build.0 = Debug|Any CPU
		{CF7942A2-78C7-470A-9CCF-19B2945B4F19}.Release|Any CPU.ActiveCfg = Release|Any CPU
		{CF7942A2-78C7-470A-9CCF-19B2945B4F19}.Release|Any CPU.Build.0 = Release|Any CPU
	EndGlobalSection
	GlobalSection(SolutionProperties) = preSolution
		HideSolutionNode = FALSE
	EndGlobalSection
	GlobalSection(ExtensibilityGlobals) = postSolution
		SolutionGuid = {3CFD0F6F-180C-44F7-92E8-60ECF0796C60}
	EndGlobalSection
EndGlobal
